# This file is autogenerated, do not edit; changes may be undone by the next 'dep ensure'.


[[projects]]
  name = "github.com/julienschmidt/httprouter"
  packages = ["."]
  revision = "4eec211fa4e8df74ed978dc5681612131854144f"
  version = "v1.3.0"

[solve-meta]
  analyzer-name = "dep"
  analyzer-version = 1
  inputs-digest = "4368a84c877fb4752452ba91aaadffeab050a12dac9f66e08b2196102e7903f5"
  solver-name = "gps-cdcl"
  solver-version = 1
